
Microsoft Visual Studio Solution File, Format Version 12.00
# Visual Studio Version 17
VisualStudioVersion = 17.14.36705.20
MinimumVisualStudioVersion = 10.0.40219.1
Project("{FAE04EC0-301F-11D3-BF4B-00C04F79EFBC}") = "LoanApi", "LoanApi.csproj", "{7CF3A500-59A3-4491-B4D9-12DE9BD3C895}"
EndProject
Project("{FAE04EC0-301F-11D3-BF4B-00C04F79EFBC}") = "Domain", "..\Domain\Domain.csproj", "{FCD20676-F9F4-4F24-8829-9C30D4CE7396}"
EndProject
Project("{FAE04EC0-301F-11D3-BF4B-00C04F79EFBC}") = "Persistence", "..\Persistance\Persistence.csproj", "{412AC70D-6D68-4F7D-A088-E2AD168BCBE5}"
EndProject
Project("{FAE04EC0-301F-11D3-BF4B-00C04F79EFBC}") = "Migrations", "..\Migrations\Migrations.csproj", "{913DBD3C-C2D0-4B28-B77E-257B784BC621}"
EndProject
Project("{FAE04EC0-301F-11D3-BF4B-00C04F79EFBC}") = "Infrastructure", "..\Infrastructure\Infrastructure.csproj", "{CA8EF001-7F3D-41BB-83A3-DE811AFB4B5F}"
EndProject
Project("{FAE04EC0-301F-11D3-BF4B-00C04F79EFBC}") = "Application", "..\Application\Application.csproj", "{AB5C4585-7D18-4F34-8770-D50D4DAB0C14}"
EndProject
Global
	GlobalSection(SolutionConfigurationPlatforms) = preSolution
		Debug|Any CPU = Debug|Any CPU
		Release|Any CPU = Release|Any CPU
	EndGlobalSection
	GlobalSection(ProjectConfigurationPlatforms) = postSolution
		{7CF3A500-59A3-4491-B4D9-12DE9BD3C895}.Debug|Any CPU.ActiveCfg = Debug|Any CPU
		{7CF3A500-59A3-4491-B4D9-12DE9BD3C895}.Debug|Any CPU.Build.0 = Debug|Any CPU
		{7CF3A500-59A3-4491-B4D9-12DE9BD3C895}.Release|Any CPU.ActiveCfg = Release|Any CPU
		{7CF3A500-59A3-4491-B4D9-12DE9BD3C895}.Release|Any CPU.Build.0 = Release|Any CPU
		{FCD20676-F9F4-4F24-8829-9C30D4CE7396}.Debug|Any CPU.ActiveCfg = Debug|Any CPU
		{FCD20676-F9F4-4F24-8829-9C30D4CE7396}.Debug|Any CPU.Build.0 = Debug|Any CPU
		{FCD20676-F9F4-4F24-8829-9C30D4CE7396}.Release|Any CPU.ActiveCfg = Release|Any CPU
		{FCD20676-F9F4-4F24-8829-9C30D4CE7396}.Release|Any CPU.Build.0 = Release|Any CPU
		{412AC70D-6D68-4F7D-A088-E2AD168BCBE5}.Debug|Any CPU.ActiveCfg = Debug|Any CPU
		{412AC70D-6D68-4F7D-A088-E2AD168BCBE5}.Debug|Any CPU.Build.0 = Debug|Any CPU
		{412AC70D-6D68-4F7D-A088-E2AD168BCBE5}.Release|Any CPU.ActiveCfg = Release|Any CPU
		{412AC70D-6D68-4F7D-A088-E2AD168BCBE5}.Release|Any CPU.Build.0 = Release|Any CPU
		{913DBD3C-C2D0-4B28-B77E-257B784BC621}.Debug|Any CPU.ActiveCfg = Debug|Any CPU
		{913DBD3C-C2D0-4B28-B77E-257B784BC621}.Debug|Any CPU.Build.0 = Debug|Any CPU
		{913DBD3C-C2D0-4B28-B77E-257B784BC621}.Release|Any CPU.ActiveCfg = Release|Any CPU
		{913DBD3C-C2D0-4B28-B77E-257B784BC621}.Release|Any CPU.Build.0 = Release|Any CPU
		{CA8EF001-7F3D-41BB-83A3-DE811AFB4B5F}.Debug|Any CPU.ActiveCfg = Debug|Any CPU
		{CA8EF001-7F3D-41BB-83A3-DE811AFB4B5F}.Debug|Any CPU.Build.0 = Debug|Any CPU
		{CA8EF001-7F3D-41BB-83A3-DE811AFB4B5F}.Release|Any CPU.ActiveCfg = Release|Any CPU
		{CA8EF001-7F3D-41BB-83A3-DE811AFB4B5F}.Release|Any CPU.Build.0 = Release|Any CPU
		{AB5C4585-7D18-4F34-8770-D50D4DAB0C14}.Debug|Any CPU.ActiveCfg = Debug|Any CPU
		{AB5C4585-7D18-4F34-8770-D50D4DAB0C14}.Debug|Any CPU.Build.0 = Debug|Any CPU
		{AB5C4585-7D18-4F34-8770-D50D4DAB0C14}.Release|Any CPU.ActiveCfg = Release|Any CPU
		{AB5C4585-7D18-4F34-8770-D50D4DAB0C14}.Release|Any CPU.Build.0 = Release|Any CPU
	EndGlobalSection
	GlobalSection(SolutionProperties) = preSolution
		HideSolutionNode = FALSE
	EndGlobalSection
	GlobalSection(ExtensibilityGlobals) = postSolution
		SolutionGuid = {E34F661A-357D-48D4-AA58-198CE332C65F}
	EndGlobalSection
EndGlobal
